
Microsoft Visual Studio Solution File, Format Version 12.00
# Visual Studio 15
VisualStudioVersion = 15.0.28307.902
MinimumVisualStudioVersion = 10.0.40219.1
Project("{FAE04EC0-301F-11D3-BF4B-00C04F79EFBC}") = "TicTacToe", "TicTacToe\TicTacToe.csproj", "{3B140184-E3DE-47CC-86AC-9CABA806F59B}"
EndProject
Global
	GlobalSection(SolutionConfigurationPlatforms) = preSolution
		Debug|Any CPU = Debug|Any CPU
		Release|Any CPU = Release|Any CPU
	EndGlobalSection
	GlobalSection(ProjectConfigurationPlatforms) = postSolution
		{3B140184-E3DE-47CC-86AC-9CABA806F59B}.Debug|Any CPU.ActiveCfg = Debug|Any CPU
		{3B140184-E3DE-47CC-86AC-9CABA806F59B}.Debug|Any CPU.Build.0 = Debug|Any CPU
		{3B140184-E3DE-47CC-86AC-9CABA806F59B}.Release|Any CPU.ActiveCfg = Release|Any CPU
		{3B140184-E3DE-47CC-86AC-9CABA806F59B}.Release|Any CPU.Build.0 = Release|Any CPU
	EndGlobalSection
	GlobalSection(SolutionProperties) = preSolution
		HideSolutionNode = FALSE
	EndGlobalSection
	GlobalSection(ExtensibilityGlobals) = postSolution
		SolutionGuid = {EEAFAE73-0E5E-4F8E-8861-E413FFA3E38B}
	EndGlobalSection
EndGlobal
